// !$*UTF8*$!
{
	archiveVersion = 1;
	classes = {
	};
	objectVersion = 46;
	objects = {

/* Begin PBXBuildFile section */
		D2BCC0421F140152001A9A15 /* AppDelegate.swift in Sources */ = {isa = PBXBuildFile; fileRef = D2BCC0411F140152001A9A15 /* AppDelegate.swift */; };
		D2BCC0441F140152001A9A15 /* ViewController.swift in Sources */ = {isa = PBXBuildFile; fileRef = D2BCC0431F140152001A9A15 /* ViewController.swift */; };
		D2BCC0471F140152001A9A15 /* Main.storyboard in Resources */ = {isa = PBXBuildFile; fileRef = D2BCC0451F140152001A9A15 /* Main.storyboard */; };
		D2BCC0491F140152001A9A15 /* Assets.xcassets in Resources */ = {isa = PBXBuildFile; fileRef = D2BCC0481F140152001A9A15 /* Assets.xcassets */; };
		D2BCC04C1F140152001A9A15 /* LaunchScreen.storyboard in Resources */ = {isa = PBXBuildFile; fileRef = D2BCC04A1F140152001A9A15 /* LaunchScreen.storyboard */; };
		D2BCC0571F140152001A9A15 /* ghprojdstrywrldTests.swift in Sources */ = {isa = PBXBuildFile; fileRef = D2BCC0561F140152001A9A15 /* ghprojdstrywrldTests.swift */; };
		D2BCC0621F140152001A9A15 /* ghprojdstrywrldUITests.swift in Sources */ = {isa = PBXBuildFile; fileRef = D2BCC0611F140152001A9A15 /* ghprojdstrywrldUITests.swift */; };
/* End PBXBuildFile section */

/* Begin PBXContainerItemProxy section */
		D2BCC0531F140152001A9A15 /* PBXContainerItemProxy */ = {
			isa = PBXContainerItemProxy;
			containerPortal = D2BCC0361F140152001A9A15 /* Project object */;
			proxyType = 1;
			remoteGlobalIDString = D2BCC03D1F140152001A9A15;
			remoteInfo = ghprojdstrywrld;
		};
		D2BCC05E1F140152001A9A15 /* PBXContainerItemProxy */ = {
			isa = PBXContainerItemProxy;
			containerPortal = D2BCC0361F140152001A9A15 /* Project object */;
			proxyType = 1;
			remoteGlobalIDString = D2BCC03D1F140152001A9A15;
			remoteInfo = ghprojdstrywrld;
		};
/* End PBXContainerItemProxy section */

/* Begin PBXFileReference section */
		D2BCC03E1F140152001A9A15 /* ghprojdstrywrld.app */ = {isa = PBXFileReference; explicitFileType = wrapper.application; includeInIndex = 0; path = ghprojdstrywrld.app; sourceTree = BUILT_PRODUCTS_DIR; };
		D2BCC0411F140152001A9A15 /* AppDelegate.swift */ = {isa = PBXFileReference; lastKnownFileType = sourcecode.swift; path = AppDelegate.swift; sourceTree = "<group>"; };
		D2BCC0431F140152001A9A15 /* ViewController.swift */ = {isa = PBXFileReference; lastKnownFileType = sourcecode.swift; path = ViewController.swift; sourceTree = "<group>"; };
		D2BCC0461F140152001A9A15 /* Base */ = {isa = PBXFileReference; lastKnownFileType = file.storyboard; name = Base; path = Base.lproj/Main.storyboard; sourceTree = "<group>"; };
		D2BCC0481F140152001A9A15 /* Assets.xcassets */ = {isa = PBXFileReference; lastKnownFileType = folder.assetcatalog; path = Assets.xcassets; sourceTree = "<group>"; };
		D2BCC04B1F140152001A9A15 /* Base */ = {isa = PBXFileReference; lastKnownFileType = file.storyboard; name = Base; path = Base.lproj/LaunchScreen.storyboard; sourceTree = "<group>"; };
		D2BCC04D1F140152001A9A15 /* Info.plist */ = {isa = PBXFileReference; lastKnownFileType = text.plist.xml; path = Info.plist; sourceTree = "<group>"; };
		D2BCC0521F140152001A9A15 /* ghprojdstrywrldTests.xctest */ = {isa = PBXFileReference; explicitFileType = wrapper.cfbundle; includeInIndex = 0; path = ghprojdstrywrldTests.xctest; sourceTree = BUILT_PRODUCTS_DIR; };
		D2BCC0561F140152001A9A15 /* ghprojdstrywrldTests.swift */ = {isa = PBXFileReference; lastKnownFileType = sourcecode.swift; path = ghprojdstrywrldTests.swift; sourceTree = "<group>"; };
		D2BCC0581F140152001A9A15 /* Info.plist */ = {isa = PBXFileReference; lastKnownFileType = text.plist.xml; path = Info.plist; sourceTree = "<group>"; };
		D2BCC05D1F140152001A9A15 /* ghprojdstrywrldUITests.xctest */ = {isa = PBXFileReference; explicitFileType = wrapper.cfbundle; includeInIndex = 0; path = ghprojdstrywrldUITests.xctest; sourceTree = BUILT_PRODUCTS_DIR; };
		D2BCC0611F140152001A9A15 /* ghprojdstrywrldUITests.swift */ = {isa = PBXFileReference; lastKnownFileType = sourcecode.swift; path = ghprojdstrywrldUITests.swift; sourceTree = "<group>"; };
		D2BCC0631F140152001A9A15 /* Info.plist */ = {isa = PBXFileReference; lastKnownFileType = text.plist.xml; path = Info.plist; sourceTree = "<group>"; };
/* End PBXFileReference section */

/* Begin PBXFrameworksBuildPhase section */
		D2BCC03B1F140152001A9A15 /* Frameworks */ = {
			isa = PBXFrameworksBuildPhase;
			buildActionMask = 2147483647;
			files = (
			);
			runOnlyForDeploymentPostprocessing = 0;
		};
		D2BCC04F1F140152001A9A15 /* Frameworks */ = {
			isa = PBXFrameworksBuildPhase;
			buildActionMask = 2147483647;
			files = (
			);
			runOnlyForDeploymentPostprocessing = 0;
		};
		D2BCC05A1F140152001A9A15 /* Frameworks */ = {
			isa = PBXFrameworksBuildPhase;
			buildActionMask = 2147483647;
			files = (
			);
			runOnlyForDeploymentPostprocessing = 0;
		};
/* End PBXFrameworksBuildPhase section */

/* Begin PBXGroup section */
		D2BCC0351F140152001A9A15 = {
			isa = PBXGroup;
			children = (
				D2BCC0401F140152001A9A15 /* ghprojdstrywrld */,
				D2BCC0551F140152001A9A15 /* ghprojdstrywrldTests */,
				D2BCC0601F140152001A9A15 /* ghprojdstrywrldUITests */,
				D2BCC03F1F140152001A9A15 /* Products */,
			);
			sourceTree = "<group>";
		};
		D2BCC03F1F140152001A9A15 /* Products */ = {
			isa = PBXGroup;
			children = (
				D2BCC03E1F140152001A9A15 /* ghprojdstrywrld.app */,
				D2BCC0521F140152001A9A15 /* ghprojdstrywrldTests.xctest */,
				D2BCC05D1F140152001A9A15 /* ghprojdstrywrldUITests.xctest */,
			);
			name = Products;
			sourceTree = "<group>";
		};
		D2BCC0401F140152001A9A15 /* ghprojdstrywrld */ = {
			isa = PBXGroup;
			children = (
				D2BCC0411F140152001A9A15 /* AppDelegate.swift */,
				D2BCC0431F140152001A9A15 /* ViewController.swift */,
				D2BCC0451F140152001A9A15 /* Main.storyboard */,
				D2BCC0481F140152001A9A15 /* Assets.xcassets */,
				D2BCC04A1F140152001A9A15 /* LaunchScreen.storyboard */,
				D2BCC04D1F140152001A9A15 /* Info.plist */,
			);
			path = ghprojdstrywrld;
			sourceTree = "<group>";
		};
		D2BCC0551F140152001A9A15 /* ghprojdstrywrldTests */ = {
			isa = PBXGroup;
			children = (
				D2BCC0561F140152001A9A15 /* ghprojdstrywrldTests.swift */,
				D2BCC0581F140152001A9A15 /* Info.plist */,
			);
			path = ghprojdstrywrldTests;
			sourceTree = "<group>";
		};
		D2BCC0601F140152001A9A15 /* ghprojdstrywrldUITests */ = {
			isa = PBXGroup;
			children = (
				D2BCC0611F140152001A9A15 /* ghprojdstrywrldUITests.swift */,
				D2BCC0631F140152001A9A15 /* Info.plist */,
			);
			path = ghprojdstrywrldUITests;
			sourceTree = "<group>";
		};
/* End PBXGroup section */

/* Begin PBXNativeTarget section */
		D2BCC03D1F140152001A9A15 /* ghprojdstrywrld */ = {
			isa = PBXNativeTarget;
			buildConfigurationList = D2BCC0661F140152001A9A15 /* Build configuration list for PBXNativeTarget "ghprojdstrywrld" */;
			buildPhases = (
				D2BCC03A1F140152001A9A15 /* Sources */,
				D2BCC03B1F140152001A9A15 /* Frameworks */,
				D2BCC03C1F140152001A9A15 /* Resources */,
			);
			buildRules = (
			);
			dependencies = (
			);
			name = ghprojdstrywrld;
			productName = ghprojdstrywrld;
			productReference = D2BCC03E1F140152001A9A15 /* ghprojdstrywrld.app */;
			productType = "com.apple.product-type.application";
		};
		D2BCC0511F140152001A9A15 /* ghprojdstrywrldTests */ = {
			isa = PBXNativeTarget;
			buildConfigurationList = D2BCC0691F140152001A9A15 /* Build configuration list for PBXNativeTarget "ghprojdstrywrldTests" */;
			buildPhases = (
				D2BCC04E1F140152001A9A15 /* Sources */,
				D2BCC04F1F140152001A9A15 /* Frameworks */,
				D2BCC0501F140152001A9A15 /* Resources */,
			);
			buildRules = (
			);
			dependencies = (
				D2BCC0541F140152001A9A15 /* PBXTargetDependency */,
			);
			name = ghprojdstrywrldTests;
			productName = ghprojdstrywrldTests;
			productReference = D2BCC0521F140152001A9A15 /* ghprojdstrywrldTests.xctest */;
			productType = "com.apple.product-type.bundle.unit-test";
		};
		D2BCC05C1F140152001A9A15 /* ghprojdstrywrldUITests */ = {
			isa = PBXNativeTarget;
			buildConfigurationList = D2BCC06C1F140152001A9A15 /* Build configuration list for PBXNativeTarget "ghprojdstrywrldUITests" */;
			buildPhases = (
				D2BCC0591F140152001A9A15 /* Sources */,
				D2BCC05A1F140152001A9A15 /* Frameworks */,
				D2BCC05B1F140152001A9A15 /* Resources */,
			);
			buildRules = (
			);
			dependencies = (
				D2BCC05F1F140152001A9A15 /* PBXTargetDependency */,
			);
			name = ghprojdstrywrldUITests;
			productName = ghprojdstrywrldUITests;
			productReference = D2BCC05D1F140152001A9A15 /* ghprojdstrywrldUITests.xctest */;
			productType = "com.apple.product-type.bundle.ui-testing";
		};
/* End PBXNativeTarget section */

/* Begin PBXProject section */
		D2BCC0361F140152001A9A15 /* Project object */ = {
			isa = PBXProject;
			attributes = {
				LastSwiftUpdateCheck = 0830;
				LastUpgradeCheck = 0830;
				ORGANIZATIONNAME = aweburn;
				TargetAttributes = {
					D2BCC03D1F140152001A9A15 = {
						CreatedOnToolsVersion = 8.3.2;
						ProvisioningStyle = Automatic;
					};
					D2BCC0511F140152001A9A15 = {
						CreatedOnToolsVersion = 8.3.2;
						ProvisioningStyle = Automatic;
						TestTargetID = D2BCC03D1F140152001A9A15;
					};
					D2BCC05C1F140152001A9A15 = {
						CreatedOnToolsVersion = 8.3.2;
						ProvisioningStyle = Automatic;
						TestTargetID = D2BCC03D1F140152001A9A15;
					};
				};
			};
			buildConfigurationList = D2BCC0391F140152001A9A15 /* Build configuration list for PBXProject "ghprojdstrywrld" */;
			compatibilityVersion = "Xcode 3.2";
			developmentRegion = English;
			hasScannedForEncodings = 0;
			knownRegions = (
				en,
				Base,
			);
			mainGroup = D2BCC0351F140152001A9A15;
			productRefGroup = D2BCC03F1F140152001A9A15 /* Products */;
			projectDirPath = "";
			projectRoot = "";
			targets = (
				D2BCC03D1F140152001A9A15 /* ghprojdstrywrld */,
				D2BCC0511F140152001A9A15 /* ghprojdstrywrldTests */,
				D2BCC05C1F140152001A9A15 /* ghprojdstrywrldUITests */,
			);
		};
/* End PBXProject section */

/* Begin PBXResourcesBuildPhase section */
		D2BCC03C1F140152001A9A15 /* Resources */ = {
			isa = PBXResourcesBuildPhase;
			buildActionMask = 2147483647;
			files = (
				D2BCC04C1F140152001A9A15 /* LaunchScreen.storyboard in Resources */,
				D2BCC0491F140152001A9A15 /* Assets.xcassets in Resources */,
				D2BCC0471F140152001A9A15 /* Main.storyboard in Resources */,
			);
			runOnlyForDeploymentPostprocessing = 0;
		};
		D2BCC0501F140152001A9A15 /* Resources */ = {
			isa = PBXResourcesBuildPhase;
			buildActionMask = 2147483647;
			files = (
			);
			runOnlyForDeploymentPostprocessing = 0;
		};
		D2BCC05B1F140152001A9A15 /* Resources */ = {
			isa = PBXResourcesBuildPhase;
			buildActionMask = 2147483647;
			files = (
			);
			runOnlyForDeploymentPostprocessing = 0;
		};
/* End PBXResourcesBuildPhase section */

/* Begin PBXSourcesBuildPhase section */
		D2BCC03A1F140152001A9A15 /* Sources */ = {
			isa = PBXSourcesBuildPhase;
			buildActionMask = 2147483647;
			files = (
				D2BCC0441F140152001A9A15 /* ViewController.swift in Sources */,
				D2BCC0421F140152001A9A15 /* AppDelegate.swift in Sources */,
			);
			runOnlyForDeploymentPostprocessing = 0;
		};
		D2BCC04E1F140152001A9A15 /* Sources */ = {
			isa = PBXSourcesBuildPhase;
			buildActionMask = 2147483647;
			files = (
				D2BCC0571F140152001A9A15 /* ghprojdstrywrldTests.swift in Sources */,
			);
			runOnlyForDeploymentPostprocessing = 0;
		};
		D2BCC0591F140152001A9A15 /* Sources */ = {
			isa = PBXSourcesBuildPhase;
			buildActionMask = 2147483647;
			files = (
				D2BCC0621F140152001A9A15 /* ghprojdstrywrldUITests.swift in Sources */,
			);
			runOnlyForDeploymentPostprocessing = 0;
		};
/* End PBXSourcesBuildPhase section */

/* Begin PBXTargetDependency section */
		D2BCC0541F140152001A9A15 /* PBXTargetDependency */ = {
			isa = PBXTargetDependency;
			target = D2BCC03D1F140152001A9A15 /* ghprojdstrywrld */;
			targetProxy = D2BCC0531F140152001A9A15 /* PBXContainerItemProxy */;
		};
		D2BCC05F1F140152001A9A15 /* PBXTargetDependency */ = {
			isa = PBXTargetDependency;
			target = D2BCC03D1F140152001A9A15 /* ghprojdstrywrld */;
			targetProxy = D2BCC05E1F140152001A9A15 /* PBXContainerItemProxy */;
		};
/* End PBXTargetDependency section */

/* Begin PBXVariantGroup section */
		D2BCC0451F140152001A9A15 /* Main.storyboard */ = {
			isa = PBXVariantGroup;
			children = (
				D2BCC0461F140152001A9A15 /* Base */,
			);
			name = Main.storyboard;
			sourceTree = "<group>";
		};
		D2BCC04A1F140152001A9A15 /* LaunchScreen.storyboard */ = {
			isa = PBXVariantGroup;
			children = (
				D2BCC04B1F140152001A9A15 /* Base */,
			);
			name = LaunchScreen.storyboard;
			sourceTree = "<group>";
		};
/* End PBXVariantGroup section */

/* Begin XCBuildConfiguration section */
		D2BCC0641F140152001A9A15 /* Debug */ = {
			isa = XCBuildConfiguration;
			buildSettings = {
				ALWAYS_SEARCH_USER_PATHS = NO;
				CLANG_ANALYZER_NONNULL = YES;
				CLANG_ANALYZER_NUMBER_OBJECT_CONVERSION = YES_AGGRESSIVE;
				CLANG_CXX_LANGUAGE_STANDARD = "gnu++0x";
				CLANG_CXX_LIBRARY = "libc++";
				CLANG_ENABLE_MODULES = YES;
				CLANG_ENABLE_OBJC_ARC = YES;
				CLANG_WARN_BOOL_CONVERSION = YES;
				CLANG_WARN_CONSTANT_CONVERSION = YES;
				CLANG_WARN_DIRECT_OBJC_ISA_USAGE = YES_ERROR;
				CLANG_WARN_DOCUMENTATION_COMMENTS = YES;
				CLANG_WARN_EMPTY_BODY = YES;
				CLANG_WARN_ENUM_CONVERSION = YES;
				CLANG_WARN_INFINITE_RECURSION = YES;
				CLANG_WARN_INT_CONVERSION = YES;
				CLANG_WARN_OBJC_ROOT_CLASS = YES_ERROR;
				CLANG_WARN_SUSPICIOUS_MOVE = YES;
				CLANG_WARN_UNREACHABLE_CODE = YES;
				CLANG_WARN__DUPLICATE_METHOD_MATCH = YES;
				"CODE_SIGN_IDENTITY[sdk=iphoneos*]" = "iPhone Developer";
				COPY_PHASE_STRIP = NO;
				DEBUG_INFORMATION_FORMAT = dwarf;
				ENABLE_STRICT_OBJC_MSGSEND = YES;
				ENABLE_TESTABILITY = YES;
				GCC_C_LANGUAGE_STANDARD = gnu99;
				GCC_DYNAMIC_NO_PIC = NO;
				GCC_NO_COMMON_BLOCKS = YES;
				GCC_OPTIMIZATION_LEVEL = 0;
				GCC_PREPROCESSOR_DEFINITIONS = (
					"DEBUG=1",
					"$(inherited)",
				);
				GCC_WARN_64_TO_32_BIT_CONVERSION = YES;
				GCC_WARN_ABOUT_RETURN_TYPE = YES_ERROR;
				GCC_WARN_UNDECLARED_SELECTOR = YES;
				GCC_WARN_UNINITIALIZED_AUTOS = YES_AGGRESSIVE;
				GCC_WARN_UNUSED_FUNCTION = YES;
				GCC_WARN_UNUSED_VARIABLE = YES;
				IPHONEOS_DEPLOYMENT_TARGET = 10.3;
				MTL_ENABLE_DEBUG_INFO = YES;
				ONLY_ACTIVE_ARCH = YES;
				SDKROOT = iphoneos;
				SWIFT_ACTIVE_COMPILATION_CONDITIONS = DEBUG;
				SWIFT_OPTIMIZATION_LEVEL = "-Onone";
				TARGETED_DEVICE_FAMILY = "1,2";
			};
			name = Debug;
		};
		D2BCC0651F140152001A9A15 /* Release */ = {
			isa = XCBuildConfiguration;
			buildSettings = {
				ALWAYS_SEARCH_USER_PATHS = NO;
				CLANG_ANALYZER_NONNULL = YES;
				CLANG_ANALYZER_NUMBER_OBJECT_CONVERSION = YES_AGGRESSIVE;
				CLANG_CXX_LANGUAGE_STANDARD = "gnu++0x";
				CLANG_CXX_LIBRARY = "libc++";
				CLANG_ENABLE_MODULES = YES;
				CLANG_ENABLE_OBJC_ARC = YES;
				CLANG_WARN_BOOL_CONVERSION = YES;
				CLANG_WARN_CONSTANT_CONVERSION = YES;
				CLANG_WARN_DIRECT_OBJC_ISA_USAGE = YES_ERROR;
				CLANG_WARN_DOCUMENTATION_COMMENTS = YES;
				CLANG_WARN_EMPTY_BODY = YES;
				CLANG_WARN_ENUM_CONVERSION = YES;
				CLANG_WARN_INFINITE_RECURSION = YES;
				CLANG_WARN_INT_CONVERSION = YES;
				CLANG_WARN_OBJC_ROOT_CLASS = YES_ERROR;
				CLANG_WARN_SUSPICIOUS_MOVE = YES;
				CLANG_WARN_UNREACHABLE_CODE = YES;
				CLANG_WARN__DUPLICATE_METHOD_MATCH = YES;
				"CODE_SIGN_IDENTITY[sdk=iphoneos*]" = "iPhone Developer";
				COPY_PHASE_STRIP = NO;
				DEBUG_INFORMATION_FORMAT = "dwarf-with-dsym";
				ENABLE_NS_ASSERTIONS = NO;
				ENABLE_STRICT_OBJC_MSGSEND = YES;
				GCC_C_LANGUAGE_STANDARD = gnu99;
				GCC_NO_COMMON_BLOCKS = YES;
				GCC_WARN_64_TO_32_BIT_CONVERSION = YES;
				GCC_WARN_ABOUT_RETURN_TYPE = YES_ERROR;
				GCC_WARN_UNDECLARED_SELECTOR = YES;
				GCC_WARN_UNINITIALIZED_AUTOS = YES_AGGRESSIVE;
				GCC_WARN_UNUSED_FUNCTION = YES;
				GCC_WARN_UNUSED_VARIABLE = YES;
				IPHONEOS_DEPLOYMENT_TARGET = 10.3;
				MTL_ENABLE_DEBUG_INFO = NO;
				SDKROOT = iphoneos;
				SWIFT_OPTIMIZATION_LEVEL = "-Owholemodule";
				TARGETED_DEVICE_FAMILY = "1,2";
				VALIDATE_PRODUCT = YES;
			};
			name = Release;
		};
		D2BCC0671F140152001A9A15 /* Debug */ = {
			isa = XCBuildConfiguration;
			buildSettings = {
				ASSETCATALOG_COMPILER_APPICON_NAME = AppIcon;
				INFOPLIST_FILE = ghprojdstrywrld/Info.plist;
				LD_RUNPATH_SEARCH_PATHS = "$(inherited) @executable_path/Frameworks";
				PRODUCT_BUNDLE_IDENTIFIER = com.aweburn.ghprojdstrywrld;
				PRODUCT_NAME = "$(TARGET_NAME)";
				SWIFT_VERSION = 3.0;
			};
			name = Debug;
		};
		D2BCC0681F140152001A9A15 /* Release */ = {
			isa = XCBuildConfiguration;
			buildSettings = {
				ASSETCATALOG_COMPILER_APPICON_NAME = AppIcon;
				INFOPLIST_FILE = ghprojdstrywrld/Info.plist;
				LD_RUNPATH_SEARCH_PATHS = "$(inherited) @executable_path/Frameworks";
				PRODUCT_BUNDLE_IDENTIFIER = com.aweburn.ghprojdstrywrld;
				PRODUCT_NAME = "$(TARGET_NAME)";
				SWIFT_VERSION = 3.0;
			};
			name = Release;
		};
		D2BCC06A1F140152001A9A15 /* Debug */ = {
			isa = XCBuildConfiguration;
			buildSettings = {
				ALWAYS_EMBED_SWIFT_STANDARD_LIBRARIES = YES;
				BUNDLE_LOADER = "$(TEST_HOST)";
				INFOPLIST_FILE = ghprojdstrywrldTests/Info.plist;
				LD_RUNPATH_SEARCH_PATHS = "$(inherited) @executable_path/Frameworks @loader_path/Frameworks";
				PRODUCT_BUNDLE_IDENTIFIER = com.aweburn.ghprojdstrywrldTests;
				PRODUCT_NAME = "$(TARGET_NAME)";
				SWIFT_VERSION = 3.0;
				TEST_HOST = "$(BUILT_PRODUCTS_DIR)/ghprojdstrywrld.app/ghprojdstrywrld";
			};
			name = Debug;
		};
		D2BCC06B1F140152001A9A15 /* Release */ = {
			isa = XCBuildConfiguration;
			buildSettings = {
				ALWAYS_EMBED_SWIFT_STANDARD_LIBRARIES = YES;
				BUNDLE_LOADER = "$(TEST_HOST)";
				INFOPLIST_FILE = ghprojdstrywrldTests/Info.plist;
				LD_RUNPATH_SEARCH_PATHS = "$(inherited) @executable_path/Frameworks @loader_path/Frameworks";
				PRODUCT_BUNDLE_IDENTIFIER = com.aweburn.ghprojdstrywrldTests;
				PRODUCT_NAME = "$(TARGET_NAME)";
				SWIFT_VERSION = 3.0;
				TEST_HOST = "$(BUILT_PRODUCTS_DIR)/ghprojdstrywrld.app/ghprojdstrywrld";
			};
			name = Release;
		};
		D2BCC06D1F140152001A9A15 /* Debug */ = {
			isa = XCBuildConfiguration;
			buildSettings = {
				ALWAYS_EMBED_SWIFT_STANDARD_LIBRARIES = YES;
				INFOPLIST_FILE = ghprojdstrywrldUITests/Info.plist;
				LD_RUNPATH_SEARCH_PATHS = "$(inherited) @executable_path/Frameworks @loader_path/Frameworks";
				PRODUCT_BUNDLE_IDENTIFIER = com.aweburn.ghprojdstrywrldUITests;
				PRODUCT_NAME = "$(TARGET_NAME)";
				SWIFT_VERSION = 3.0;
				TEST_TARGET_NAME = ghprojdstrywrld;
			};
			name = Debug;
		};
		D2BCC06E1F140152001A9A15 /* Release */ = {
			isa = XCBuildConfiguration;
			buildSettings = {
				ALWAYS_EMBED_SWIFT_STANDARD_LIBRARIES = YES;
				INFOPLIST_FILE = ghprojdstrywrldUITests/Info.plist;
				LD_RUNPATH_SEARCH_PATHS = "$(inherited) @executable_path/Frameworks @loader_path/Frameworks";
				PRODUCT_BUNDLE_IDENTIFIER = com.aweburn.ghprojdstrywrldUITests;
				PRODUCT_NAME = "$(TARGET_NAME)";
				SWIFT_VERSION = 3.0;
				TEST_TARGET_NAME = ghprojdstrywrld;
			};
			name = Release;
		};
/* End XCBuildConfiguration section */

/* Begin XCConfigurationList section */
		D2BCC0391F140152001A9A15 /* Build configuration list for PBXProject "ghprojdstrywrld" */ = {
			isa = XCConfigurationList;
			buildConfigurations = (
				D2BCC0641F140152001A9A15 /* Debug */,
				D2BCC0651F140152001A9A15 /* Release */,
			);
			defaultConfigurationIsVisible = 0;
			defaultConfigurationName = Release;
		};
		D2BCC0661F140152001A9A15 /* Build configuration list for PBXNativeTarget "ghprojdstrywrld" */ = {
			isa = XCConfigurationList;
			buildConfigurations = (
				D2BCC0671F140152001A9A15 /* Debug */,
				D2BCC0681F140152001A9A15 /* Release */,
			);
			defaultConfigurationIsVisible = 0;
		};
		D2BCC0691F140152001A9A15 /* Build configuration list for PBXNativeTarget "ghprojdstrywrldTests" */ = {
			isa = XCConfigurationList;
			buildConfigurations = (
				D2BCC06A1F140152001A9A15 /* Debug */,
				D2BCC06B1F140152001A9A15 /* Release */,
			);
			defaultConfigurationIsVisible = 0;
		};
		D2BCC06C1F140152001A9A15 /* Build configuration list for PBXNativeTarget "ghprojdstrywrldUITests" */ = {
			isa = XCConfigurationList;
			buildConfigurations = (
				D2BCC06D1F140152001A9A15 /* Debug */,
				D2BCC06E1F140152001A9A15 /* Release */,
			);
			defaultConfigurationIsVisible = 0;
		};
/* End XCConfigurationList section */
	};
	rootObject = D2BCC0361F140152001A9A15 /* Project object */;
}
